
Microsoft Visual Studio Solution File, Format Version 12.00
# Visual Studio Version 16
VisualStudioVersion = 16.0.30803.129
MinimumVisualStudioVersion = 10.0.40219.1
Project("{D954291E-2A0B-460D-934E-DC6B0785DB48}") = "MSXArchive", "MSXArchive.shproj", "{996EBADB-BF26-4260-9240-29D0891F5EE9}"
EndProject
Global
	GlobalSection(SharedMSBuildProjectFiles) = preSolution
		MSXFile.projitems*{996ebadb-bf26-4260-9240-29d0891f5ee9}*SharedItemsImports = 13
	EndGlobalSection
	GlobalSection(SolutionProperties) = preSolution
		HideSolutionNode = FALSE
	EndGlobalSection
	GlobalSection(ExtensibilityGlobals) = postSolution
		SolutionGuid = {147457C0-6A1C-4441-9766-804866D3D8A4}
	EndGlobalSection
EndGlobal
